
Microsoft Visual Studio Solution File, Format Version 12.00
# Visual Studio 14
VisualStudioVersion = 14.0.23107.0
MinimumVisualStudioVersion = 10.0.40219.1
Project("{FAE04EC0-301F-11D3-BF4B-00C04F79EFBC}") = "Stylet", "..\Stylet\Stylet.csproj", "{2435BD00-AC12-48B0-AD36-9BAB2FDEC3F5}"
EndProject
Project("{FAE04EC0-301F-11D3-BF4B-00C04F79EFBC}") = "Stylet.Samples.Hello", "Stylet.Samples.Hello\Stylet.Samples.Hello.csproj", "{6C7FBB21-52AC-4333-A42A-9F5E9D048621}"
EndProject
Project("{FAE04EC0-301F-11D3-BF4B-00C04F79EFBC}") = "Stylet.Samples.TabNavigation", "Stylet.Samples.TabNavigation\Stylet.Samples.TabNavigation.csproj", "{9A4E2DAD-AE68-4A82-8FA8-407DB74D6FBE}"
EndProject
Project("{FAE04EC0-301F-11D3-BF4B-00C04F79EFBC}") = "Stylet.Samples.MasterDetail", "Stylet.Samples.MasterDetail\Stylet.Samples.MasterDetail.csproj", "{A281DFF2-125E-4412-8927-0F09EEFC5AD1}"
EndProject
Project("{FAE04EC0-301F-11D3-BF4B-00C04F79EFBC}") = "Stylet.Samples.HelloDialog", "Stylet.Samples.HelloDialog\Stylet.Samples.HelloDialog.csproj", "{F6DD6F38-40A3-4EC1-B342-0C2BCCF0DD44}"
EndProject
Project("{FAE04EC0-301F-11D3-BF4B-00C04F79EFBC}") = "Stylet.Samples.OverridingViewManager", "Stylet.Samples.OverridingViewManager\Stylet.Samples.OverridingViewManager.csproj", "{2F7D7EF3-730A-45E3-93CA-7C5031250246}"
EndProject
Project("{FAE04EC0-301F-11D3-BF4B-00C04F79EFBC}") = "Stylet.Samples.RedditBrowser", "Stylet.Samples.RedditBrowser\Stylet.Samples.RedditBrowser.csproj", "{72B1C6E4-1293-47DD-BEFD-FA2E782BDBDA}"
EndProject
Project("{FAE04EC0-301F-11D3-BF4B-00C04F79EFBC}") = "Stylet.Samples.ModelValidation", "Stylet.Samples.ModelValidation\Stylet.Samples.ModelValidation.csproj", "{EA5A6CA5-7E8E-4401-A3D2-0035DDE10413}"
EndProject
Project("{FAE04EC0-301F-11D3-BF4B-00C04F79EFBC}") = "Stylet.Samples.DesignMode", "Stylet.Samples.DesignMode\Stylet.Samples.DesignMode.csproj", "{D5225DA1-58ED-42AA-9589-A4F86E7667F7}"
EndProject
Global
	GlobalSection(SolutionConfigurationPlatforms) = preSolution
		Debug|Any CPU = Debug|Any CPU
		Release|Any CPU = Release|Any CPU
	EndGlobalSection
	GlobalSection(ProjectConfigurationPlatforms) = postSolution
		{2435BD00-AC12-48B0-AD36-9BAB2FDEC3F5}.Debug|Any CPU.ActiveCfg = Debug|Any CPU
		{2435BD00-AC12-48B0-AD36-9BAB2FDEC3F5}.Debug|Any CPU.Build.0 = Debug|Any CPU
		{2435BD00-AC12-48B0-AD36-9BAB2FDEC3F5}.Release|Any CPU.ActiveCfg = Release|Any CPU
		{2435BD00-AC12-48B0-AD36-9BAB2FDEC3F5}.Release|Any CPU.Build.0 = Release|Any CPU
		{6C7FBB21-52AC-4333-A42A-9F5E9D048621}.Debug|Any CPU.ActiveCfg = Debug|Any CPU
		{6C7FBB21-52AC-4333-A42A-9F5E9D048621}.Debug|Any CPU.Build.0 = Debug|Any CPU
		{6C7FBB21-52AC-4333-A42A-9F5E9D048621}.Release|Any CPU.ActiveCfg = Release|Any CPU
		{6C7FBB21-52AC-4333-A42A-9F5E9D048621}.Release|Any CPU.Build.0 = Release|Any CPU
		{9A4E2DAD-AE68-4A82-8FA8-407DB74D6FBE}.Debug|Any CPU.ActiveCfg = Debug|Any CPU
		{9A4E2DAD-AE68-4A82-8FA8-407DB74D6FBE}.Debug|Any CPU.Build.0 = Debug|Any CPU
		{9A4E2DAD-AE68-4A82-8FA8-407DB74D6FBE}.Release|Any CPU.ActiveCfg = Release|Any CPU
		{9A4E2DAD-AE68-4A82-8FA8-407DB74D6FBE}.Release|Any CPU.Build.0 = Release|Any CPU
		{A281DFF2-125E-4412-8927-0F09EEFC5AD1}.Debug|Any CPU.ActiveCfg = Debug|Any CPU
		{A281DFF2-125E-4412-8927-0F09EEFC5AD1}.Debug|Any CPU.Build.0 = Debug|Any CPU
		{A281DFF2-125E-4412-8927-0F09EEFC5AD1}.Release|Any CPU.ActiveCfg = Release|Any CPU
		{A281DFF2-125E-4412-8927-0F09EEFC5AD1}.Release|Any CPU.Build.0 = Release|Any CPU
		{F6DD6F38-40A3-4EC1-B342-0C2BCCF0DD44}.Debug|Any CPU.ActiveCfg = Debug|Any CPU
		{F6DD6F38-40A3-4EC1-B342-0C2BCCF0DD44}.Debug|Any CPU.Build.0 = Debug|Any CPU
		{F6DD6F38-40A3-4EC1-B342-0C2BCCF0DD44}.Release|Any CPU.ActiveCfg = Release|Any CPU
		{F6DD6F38-40A3-4EC1-B342-0C2BCCF0DD44}.Release|Any CPU.Build.0 = Release|Any CPU
		{2F7D7EF3-730A-45E3-93CA-7C5031250246}.Debug|Any CPU.ActiveCfg = Debug|Any CPU
		{2F7D7EF3-730A-45E3-93CA-7C5031250246}.Debug|Any CPU.Build.0 = Debug|Any CPU
		{2F7D7EF3-730A-45E3-93CA-7C5031250246}.Release|Any CPU.ActiveCfg = Release|Any CPU
		{2F7D7EF3-730A-45E3-93CA-7C5031250246}.Release|Any CPU.Build.0 = Release|Any CPU
		{72B1C6E4-1293-47DD-BEFD-FA2E782BDBDA}.Debug|Any CPU.ActiveCfg = Debug|Any CPU
		{72B1C6E4-1293-47DD-BEFD-FA2E782BDBDA}.Debug|Any CPU.Build.0 = Debug|Any CPU
		{72B1C6E4-1293-47DD-BEFD-FA2E782BDBDA}.Release|Any CPU.ActiveCfg = Release|Any CPU
		{72B1C6E4-1293-47DD-BEFD-FA2E782BDBDA}.Release|Any CPU.Build.0 = Release|Any CPU
		{EA5A6CA5-7E8E-4401-A3D2-0035DDE10413}.Debug|Any CPU.ActiveCfg = Debug|Any CPU
		{EA5A6CA5-7E8E-4401-A3D2-0035DDE10413}.Debug|Any CPU.Build.0 = Debug|Any CPU
		{EA5A6CA5-7E8E-4401-A3D2-0035DDE10413}.Release|Any CPU.ActiveCfg = Release|Any CPU
		{EA5A6CA5-7E8E-4401-A3D2-0035DDE10413}.Release|Any CPU.Build.0 = Release|Any CPU
		{D5225DA1-58ED-42AA-9589-A4F86E7667F7}.Debug|Any CPU.ActiveCfg = Debug|Any CPU
		{D5225DA1-58ED-42AA-9589-A4F86E7667F7}.Debug|Any CPU.Build.0 = Debug|Any CPU
		{D5225DA1-58ED-42AA-9589-A4F86E7667F7}.Release|Any CPU.ActiveCfg = Release|Any CPU
		{D5225DA1-58ED-42AA-9589-A4F86E7667F7}.Release|Any CPU.Build.0 = Release|Any CPU
	EndGlobalSection
	GlobalSection(SolutionProperties) = preSolution
		HideSolutionNode = FALSE
	EndGlobalSection
EndGlobal
